
Microsoft Visual Studio Solution File, Format Version 12.00
# Visual Studio Version 16
VisualStudioVersion = 16.0.29709.97
MinimumVisualStudioVersion = 10.0.40219.1
Project("{FAE04EC0-301F-11D3-BF4B-00C04F79EFBC}") = "Gh2Gen", "Gh2Gen\Gh2Gen.csproj", "{72A3B133-0F9A-4350-94DE-4D31FCDC872E}"
EndProject
Project("{FAE04EC0-301F-11D3-BF4B-00C04F79EFBC}") = "Test", "Test\Test.csproj", "{32A26643-5966-4BF5-9BB0-CF399E3A7810}"
EndProject
Global
	GlobalSection(SolutionConfigurationPlatforms) = preSolution
		Debug|Any CPU = Debug|Any CPU
		Release|Any CPU = Release|Any CPU
	EndGlobalSection
	GlobalSection(ProjectConfigurationPlatforms) = postSolution
		{72A3B133-0F9A-4350-94DE-4D31FCDC872E}.Debug|Any CPU.ActiveCfg = Debug|Any CPU
		{72A3B133-0F9A-4350-94DE-4D31FCDC872E}.Debug|Any CPU.Build.0 = Debug|Any CPU
		{72A3B133-0F9A-4350-94DE-4D31FCDC872E}.Release|Any CPU.ActiveCfg = Release|Any CPU
		{72A3B133-0F9A-4350-94DE-4D31FCDC872E}.Release|Any CPU.Build.0 = Release|Any CPU
		{32A26643-5966-4BF5-9BB0-CF399E3A7810}.Debug|Any CPU.ActiveCfg = Debug|Any CPU
		{32A26643-5966-4BF5-9BB0-CF399E3A7810}.Debug|Any CPU.Build.0 = Debug|Any CPU
		{32A26643-5966-4BF5-9BB0-CF399E3A7810}.Release|Any CPU.ActiveCfg = Release|Any CPU
		{32A26643-5966-4BF5-9BB0-CF399E3A7810}.Release|Any CPU.Build.0 = Release|Any CPU
	EndGlobalSection
	GlobalSection(SolutionProperties) = preSolution
		HideSolutionNode = FALSE
	EndGlobalSection
	GlobalSection(ExtensibilityGlobals) = postSolution
		SolutionGuid = {5E06BE2B-1FAB-4DD3-B320-0066047584C5}
	EndGlobalSection
EndGlobal
